
Microsoft Visual Studio Solution File, Format Version 12.00
# Visual Studio Version 16
VisualStudioVersion = 16.0.31321.278
MinimumVisualStudioVersion = 10.0.40219.1
Project("{FAE04EC0-301F-11D3-BF4B-00C04F79EFBC}") = "ApiAspNetCoreServer", "ApiAspNetCoreServer\ApiAspNetCoreServer.csproj", "{C55C375F-5FDA-42B8-B291-89B6A2F8BA49}"
EndProject
Project("{FAE04EC0-301F-11D3-BF4B-00C04F79EFBC}") = "ApiAspNetCoreServer.DataModel", "ApiAspNetCoreServer.DataModel\ApiAspNetCoreServer.DataModel.csproj", "{89C80D6C-DD13-4BA3-AE44-67BB84821F81}"
EndProject
Project("{FAE04EC0-301F-11D3-BF4B-00C04F79EFBC}") = "ApiAspNetCoreServer.Dto", "ApiAspNetCoreServer.Dto\ApiAspNetCoreServer.Dto.csproj", "{BA81EB9F-DB93-41E9-A95F-FD21B8F4CC23}"
EndProject
Global
	GlobalSection(SolutionConfigurationPlatforms) = preSolution
		Debug|Any CPU = Debug|Any CPU
		Release|Any CPU = Release|Any CPU
	EndGlobalSection
	GlobalSection(ProjectConfigurationPlatforms) = postSolution
		{C55C375F-5FDA-42B8-B291-89B6A2F8BA49}.Debug|Any CPU.ActiveCfg = Debug|Any CPU
		{C55C375F-5FDA-42B8-B291-89B6A2F8BA49}.Debug|Any CPU.Build.0 = Debug|Any CPU
		{C55C375F-5FDA-42B8-B291-89B6A2F8BA49}.Release|Any CPU.ActiveCfg = Release|Any CPU
		{C55C375F-5FDA-42B8-B291-89B6A2F8BA49}.Release|Any CPU.Build.0 = Release|Any CPU
		{89C80D6C-DD13-4BA3-AE44-67BB84821F81}.Debug|Any CPU.ActiveCfg = Debug|Any CPU
		{89C80D6C-DD13-4BA3-AE44-67BB84821F81}.Debug|Any CPU.Build.0 = Debug|Any CPU
		{89C80D6C-DD13-4BA3-AE44-67BB84821F81}.Release|Any CPU.ActiveCfg = Release|Any CPU
		{89C80D6C-DD13-4BA3-AE44-67BB84821F81}.Release|Any CPU.Build.0 = Release|Any CPU
		{BA81EB9F-DB93-41E9-A95F-FD21B8F4CC23}.Debug|Any CPU.ActiveCfg = Debug|Any CPU
		{BA81EB9F-DB93-41E9-A95F-FD21B8F4CC23}.Debug|Any CPU.Build.0 = Debug|Any CPU
		{BA81EB9F-DB93-41E9-A95F-FD21B8F4CC23}.Release|Any CPU.ActiveCfg = Release|Any CPU
		{BA81EB9F-DB93-41E9-A95F-FD21B8F4CC23}.Release|Any CPU.Build.0 = Release|Any CPU
	EndGlobalSection
	GlobalSection(SolutionProperties) = preSolution
		HideSolutionNode = FALSE
	EndGlobalSection
	GlobalSection(ExtensibilityGlobals) = postSolution
		SolutionGuid = {DD34E632-2FDB-4709-A9DC-343D88076548}
	EndGlobalSection
EndGlobal
